// !$*UTF8*$!
{
	archiveVersion = 1;
	classes = {
	};
	objectVersion = 54;
	objects = {

/* Begin PBXBuildFile section */
		00E356F31AD99517003FC87E /* GuessTheFlagTests.m in Sources */ = {isa = PBXBuildFile; fileRef = 00E356F21AD99517003FC87E /* GuessTheFlagTests.m */; };
		0C80B921A6F3F58F76C31292 /* libPods-GuessTheFlag.a in Frameworks */ = {isa = PBXBuildFile; fileRef = 5DCACB8F33CDC322A6C60F78 /* libPods-GuessTheFlag.a */; };
		13B07FBC1A68108700A75B9A /* AppDelegate.mm in Sources */ = {isa = PBXBuildFile; fileRef = 13B07FB01A68108700A75B9A /* AppDelegate.mm */; };
		13B07FBF1A68108700A75B9A /* Images.xcassets in Resources */ = {isa = PBXBuildFile; fileRef = 13B07FB51A68108700A75B9A /* Images.xcassets */; };
		13B07FC11A68108700A75B9A /* main.m in Sources */ = {isa = PBXBuildFile; fileRef = 13B07FB71A68108700A75B9A /* main.m */; };
		7699B88040F8A987B510C191 /* libPods-GuessTheFlag-GuessTheFlagTests.a in Frameworks */ = {isa = PBXBuildFile; fileRef = 19F6CBCC0A4E27FBF8BF4A61 /* libPods-GuessTheFlag-GuessTheFlagTests.a */; };
		81AB9BB82411601600AC10FF /* LaunchScreen.storyboard in Resources */ = {isa = PBXBuildFile; fileRef = 81AB9BB72411601600AC10FF /* LaunchScreen.storyboard */; };
		87A8AD7FC9D64E22B47B0C00 /* Comme-VariableFont_wght.ttf in Resources */ = {isa = PBXBuildFile; fileRef = 1D1B31811AF04C9A8892273D /* Comme-VariableFont_wght.ttf */; };
		FA95F46E46004C05B293F645 /* ConcertOne-Regular.ttf in Resources */ = {isa = PBXBuildFile; fileRef = 226710D0CA484AAAA0980231 /* ConcertOne-Regular.ttf */; };
		881F68F94B574DDA827F8A33 /* Pacifico-Regular.ttf in Resources */ = {isa = PBXBuildFile; fileRef = 2B040C3D6B604F099921F25C /* Pacifico-Regular.ttf */; };
		D3DF7245F6CD4E7FA0F6C6C5 /* Palanquin-Bold.ttf in Resources */ = {isa = PBXBuildFile; fileRef = DA8369B14BA54D4B92562B16 /* Palanquin-Bold.ttf */; };
		AB32C5B563A1484FAECBAC8F /* Palanquin-ExtraLight.ttf in Resources */ = {isa = PBXBuildFile; fileRef = 457D7981882242E4B3C7BDD6 /* Palanquin-ExtraLight.ttf */; };
		3D548ABD260E40D7BC5B6DA2 /* Palanquin-Light.ttf in Resources */ = {isa = PBXBuildFile; fileRef = 5E297CF9B4C14F61A2C8F5A1 /* Palanquin-Light.ttf */; };
		9ED08B4847734E9CAE05B019 /* Palanquin-Medium.ttf in Resources */ = {isa = PBXBuildFile; fileRef = 8E16CA86CC08474A86C15EA2 /* Palanquin-Medium.ttf */; };
		FC257D57EABF4892848FAD38 /* Palanquin-Regular.ttf in Resources */ = {isa = PBXBuildFile; fileRef = 6AC1BF410EB945C387138C4A /* Palanquin-Regular.ttf */; };
		2907F6E90D7245778D4ED0DD /* Palanquin-SemiBold.ttf in Resources */ = {isa = PBXBuildFile; fileRef = 45A050BBBE0C428CBE8CBB99 /* Palanquin-SemiBold.ttf */; };
		1BF9F67BB00942AEA3747E37 /* Palanquin-Thin.ttf in Resources */ = {isa = PBXBuildFile; fileRef = 12A99783F3E64F5694358DD1 /* Palanquin-Thin.ttf */; };
		0F568F1773EB4A7D9C620644 /* PalanquinDark-Bold.ttf in Resources */ = {isa = PBXBuildFile; fileRef = 735923D930F24D97BB709CE0 /* PalanquinDark-Bold.ttf */; };
		3AF01B2D5B094341BEFF94A3 /* PalanquinDark-Medium.ttf in Resources */ = {isa = PBXBuildFile; fileRef = 5E676E6CED2149E8A4B678A2 /* PalanquinDark-Medium.ttf */; };
		AEB9B287FDEF4A30A062C01A /* PalanquinDark-Regular.ttf in Resources */ = {isa = PBXBuildFile; fileRef = 3744831A7FDD4609BBDF9D11 /* PalanquinDark-Regular.ttf */; };
		FE554D31E89142E7A9FE039E /* PalanquinDark-SemiBold.ttf in Resources */ = {isa = PBXBuildFile; fileRef = DAA6EB90D02C42359226DF2E /* PalanquinDark-SemiBold.ttf */; };
		738DD99B4F8141D5BAE79603 /* ProtestGuerrilla-Regular.ttf in Resources */ = {isa = PBXBuildFile; fileRef = E261522584C04E7A9486E3AB /* ProtestGuerrilla-Regular.ttf */; };
		7692AA7015DB4D1A9E77BC38 /* ProtestRiot-Regular.ttf in Resources */ = {isa = PBXBuildFile; fileRef = F95149E9D55E4EE984E9E65D /* ProtestRiot-Regular.ttf */; };
		C5D14E702E4B4347B14210DC /* ProtestStrike-Regular.ttf in Resources */ = {isa = PBXBuildFile; fileRef = 2A4F2ED4EAD84633A59B8F9D /* ProtestStrike-Regular.ttf */; };
		B4FB782500B8428B8DC5ED2B /* Fonarto XT.ttf in Resources */ = {isa = PBXBuildFile; fileRef = CA03E4BD36CC4BB08004D4B7 /* Fonarto XT.ttf */; };
		11363D894D54423480C0AE73 /* Fonarto.ttf in Resources */ = {isa = PBXBuildFile; fileRef = 2E14F9AB48D84285A260D3FB /* Fonarto.ttf */; };
		D3B2BE8F19B54F85BFC001F3 /* Fredoka dingbats.otf in Resources */ = {isa = PBXBuildFile; fileRef = B39C1CDD1E844AA4836C897B /* Fredoka dingbats.otf */; };
		B2398125CD80457A922ACB55 /* FredokaOne-Regular.otf in Resources */ = {isa = PBXBuildFile; fileRef = AC66849673174435AA047A11 /* FredokaOne-Regular.otf */; };
		CF27AE208BA440308D07EBB0 /* Fredoka dingbats.ttf in Resources */ = {isa = PBXBuildFile; fileRef = DF299FEEB3FE4A4CBCFC9C73 /* Fredoka dingbats.ttf */; };
		99946F7A2D3B4E8FB0141BEA /* FredokaOne-Regular.ttf in Resources */ = {isa = PBXBuildFile; fileRef = 36B593E9F13B4DE680FBD1CB /* FredokaOne-Regular.ttf */; };
/* End PBXBuildFile section */

/* Begin PBXContainerItemProxy section */
		00E356F41AD99517003FC87E /* PBXContainerItemProxy */ = {
			isa = PBXContainerItemProxy;
			containerPortal = 83CBB9F71A601CBA00E9B192 /* Project object */;
			proxyType = 1;
			remoteGlobalIDString = 13B07F861A680F5B00A75B9A;
			remoteInfo = GuessTheFlag;
		};
/* End PBXContainerItemProxy section */

/* Begin PBXFileReference section */
		00E356EE1AD99517003FC87E /* GuessTheFlagTests.xctest */ = {isa = PBXFileReference; explicitFileType = wrapper.cfbundle; includeInIndex = 0; path = GuessTheFlagTests.xctest; sourceTree = BUILT_PRODUCTS_DIR; };
		00E356F11AD99517003FC87E /* Info.plist */ = {isa = PBXFileReference; lastKnownFileType = text.plist.xml; path = Info.plist; sourceTree = "<group>"; };
		00E356F21AD99517003FC87E /* GuessTheFlagTests.m */ = {isa = PBXFileReference; lastKnownFileType = sourcecode.c.objc; path = GuessTheFlagTests.m; sourceTree = "<group>"; };
		13B07F961A680F5B00A75B9A /* GuessTheFlag.app */ = {isa = PBXFileReference; explicitFileType = wrapper.application; includeInIndex = 0; path = GuessTheFlag.app; sourceTree = BUILT_PRODUCTS_DIR; };
		13B07FAF1A68108700A75B9A /* AppDelegate.h */ = {isa = PBXFileReference; fileEncoding = 4; lastKnownFileType = sourcecode.c.h; name = AppDelegate.h; path = GuessTheFlag/AppDelegate.h; sourceTree = "<group>"; };
		13B07FB01A68108700A75B9A /* AppDelegate.mm */ = {isa = PBXFileReference; fileEncoding = 4; lastKnownFileType = sourcecode.cpp.objcpp; name = AppDelegate.mm; path = GuessTheFlag/AppDelegate.mm; sourceTree = "<group>"; };
		13B07FB51A68108700A75B9A /* Images.xcassets */ = {isa = PBXFileReference; lastKnownFileType = folder.assetcatalog; name = Images.xcassets; path = GuessTheFlag/Images.xcassets; sourceTree = "<group>"; };
		13B07FB61A68108700A75B9A /* Info.plist */ = {isa = PBXFileReference; fileEncoding = 4; lastKnownFileType = text.plist.xml; name = Info.plist; path = GuessTheFlag/Info.plist; sourceTree = "<group>"; };
		13B07FB71A68108700A75B9A /* main.m */ = {isa = PBXFileReference; fileEncoding = 4; lastKnownFileType = sourcecode.c.objc; name = main.m; path = GuessTheFlag/main.m; sourceTree = "<group>"; };
		19F6CBCC0A4E27FBF8BF4A61 /* libPods-GuessTheFlag-GuessTheFlagTests.a */ = {isa = PBXFileReference; explicitFileType = archive.ar; includeInIndex = 0; path = "libPods-GuessTheFlag-GuessTheFlagTests.a"; sourceTree = BUILT_PRODUCTS_DIR; };
		3B4392A12AC88292D35C810B /* Pods-GuessTheFlag.debug.xcconfig */ = {isa = PBXFileReference; includeInIndex = 1; lastKnownFileType = text.xcconfig; name = "Pods-GuessTheFlag.debug.xcconfig"; path = "Target Support Files/Pods-GuessTheFlag/Pods-GuessTheFlag.debug.xcconfig"; sourceTree = "<group>"; };
		5709B34CF0A7D63546082F79 /* Pods-GuessTheFlag.release.xcconfig */ = {isa = PBXFileReference; includeInIndex = 1; lastKnownFileType = text.xcconfig; name = "Pods-GuessTheFlag.release.xcconfig"; path = "Target Support Files/Pods-GuessTheFlag/Pods-GuessTheFlag.release.xcconfig"; sourceTree = "<group>"; };
		5B7EB9410499542E8C5724F5 /* Pods-GuessTheFlag-GuessTheFlagTests.debug.xcconfig */ = {isa = PBXFileReference; includeInIndex = 1; lastKnownFileType = text.xcconfig; name = "Pods-GuessTheFlag-GuessTheFlagTests.debug.xcconfig"; path = "Target Support Files/Pods-GuessTheFlag-GuessTheFlagTests/Pods-GuessTheFlag-GuessTheFlagTests.debug.xcconfig"; sourceTree = "<group>"; };
		5DCACB8F33CDC322A6C60F78 /* libPods-GuessTheFlag.a */ = {isa = PBXFileReference; explicitFileType = archive.ar; includeInIndex = 0; path = "libPods-GuessTheFlag.a"; sourceTree = BUILT_PRODUCTS_DIR; };
		81AB9BB72411601600AC10FF /* LaunchScreen.storyboard */ = {isa = PBXFileReference; fileEncoding = 4; lastKnownFileType = file.storyboard; name = LaunchScreen.storyboard; path = GuessTheFlag/LaunchScreen.storyboard; sourceTree = "<group>"; };
		89C6BE57DB24E9ADA2F236DE /* Pods-GuessTheFlag-GuessTheFlagTests.release.xcconfig */ = {isa = PBXFileReference; includeInIndex = 1; lastKnownFileType = text.xcconfig; name = "Pods-GuessTheFlag-GuessTheFlagTests.release.xcconfig"; path = "Target Support Files/Pods-GuessTheFlag-GuessTheFlagTests/Pods-GuessTheFlag-GuessTheFlagTests.release.xcconfig"; sourceTree = "<group>"; };
		ED297162215061F000B7C4FE /* JavaScriptCore.framework */ = {isa = PBXFileReference; lastKnownFileType = wrapper.framework; name = JavaScriptCore.framework; path = System/Library/Frameworks/JavaScriptCore.framework; sourceTree = SDKROOT; };
		1D1B31811AF04C9A8892273D /* Comme-VariableFont_wght.ttf */ = {isa = PBXFileReference; name = "Comme-VariableFont_wght.ttf"; path = "../src/assets/fonts/Comme-VariableFont_wght.ttf"; sourceTree = "<group>"; fileEncoding = undefined; lastKnownFileType = unknown; explicitFileType = undefined; includeInIndex = 0; };
		226710D0CA484AAAA0980231 /* ConcertOne-Regular.ttf */ = {isa = PBXFileReference; name = "ConcertOne-Regular.ttf"; path = "../src/assets/fonts/ConcertOne-Regular.ttf"; sourceTree = "<group>"; fileEncoding = undefined; lastKnownFileType = unknown; explicitFileType = undefined; includeInIndex = 0; };
		2B040C3D6B604F099921F25C /* Pacifico-Regular.ttf */ = {isa = PBXFileReference; name = "Pacifico-Regular.ttf"; path = "../src/assets/fonts/Pacifico-Regular.ttf"; sourceTree = "<group>"; fileEncoding = undefined; lastKnownFileType = unknown; explicitFileType = undefined; includeInIndex = 0; };
		DA8369B14BA54D4B92562B16 /* Palanquin-Bold.ttf */ = {isa = PBXFileReference; name = "Palanquin-Bold.ttf"; path = "../src/assets/fonts/Palanquin-Bold.ttf"; sourceTree = "<group>"; fileEncoding = undefined; lastKnownFileType = unknown; explicitFileType = undefined; includeInIndex = 0; };
		457D7981882242E4B3C7BDD6 /* Palanquin-ExtraLight.ttf */ = {isa = PBXFileReference; name = "Palanquin-ExtraLight.ttf"; path = "../src/assets/fonts/Palanquin-ExtraLight.ttf"; sourceTree = "<group>"; fileEncoding = undefined; lastKnownFileType = unknown; explicitFileType = undefined; includeInIndex = 0; };
		5E297CF9B4C14F61A2C8F5A1 /* Palanquin-Light.ttf */ = {isa = PBXFileReference; name = "Palanquin-Light.ttf"; path = "../src/assets/fonts/Palanquin-Light.ttf"; sourceTree = "<group>"; fileEncoding = undefined; lastKnownFileType = unknown; explicitFileType = undefined; includeInIndex = 0; };
		8E16CA86CC08474A86C15EA2 /* Palanquin-Medium.ttf */ = {isa = PBXFileReference; name = "Palanquin-Medium.ttf"; path = "../src/assets/fonts/Palanquin-Medium.ttf"; sourceTree = "<group>"; fileEncoding = undefined; lastKnownFileType = unknown; explicitFileType = undefined; includeInIndex = 0; };
		6AC1BF410EB945C387138C4A /* Palanquin-Regular.ttf */ = {isa = PBXFileReference; name = "Palanquin-Regular.ttf"; path = "../src/assets/fonts/Palanquin-Regular.ttf"; sourceTree = "<group>"; fileEncoding = undefined; lastKnownFileType = unknown; explicitFileType = undefined; includeInIndex = 0; };
		45A050BBBE0C428CBE8CBB99 /* Palanquin-SemiBold.ttf */ = {isa = PBXFileReference; name = "Palanquin-SemiBold.ttf"; path = "../src/assets/fonts/Palanquin-SemiBold.ttf"; sourceTree = "<group>"; fileEncoding = undefined; lastKnownFileType = unknown; explicitFileType = undefined; includeInIndex = 0; };
		12A99783F3E64F5694358DD1 /* Palanquin-Thin.ttf */ = {isa = PBXFileReference; name = "Palanquin-Thin.ttf"; path = "../src/assets/fonts/Palanquin-Thin.ttf"; sourceTree = "<group>"; fileEncoding = undefined; lastKnownFileType = unknown; explicitFileType = undefined; includeInIndex = 0; };
		735923D930F24D97BB709CE0 /* PalanquinDark-Bold.ttf */ = {isa = PBXFileReference; name = "PalanquinDark-Bold.ttf"; path = "../src/assets/fonts/PalanquinDark-Bold.ttf"; sourceTree = "<group>"; fileEncoding = undefined; lastKnownFileType = unknown; explicitFileType = undefined; includeInIndex = 0; };
		5E676E6CED2149E8A4B678A2 /* PalanquinDark-Medium.ttf */ = {isa = PBXFileReference; name = "PalanquinDark-Medium.ttf"; path = "../src/assets/fonts/PalanquinDark-Medium.ttf"; sourceTree = "<group>"; fileEncoding = undefined; lastKnownFileType = unknown; explicitFileType = undefined; includeInIndex = 0; };
		3744831A7FDD4609BBDF9D11 /* PalanquinDark-Regular.ttf */ = {isa = PBXFileReference; name = "PalanquinDark-Regular.ttf"; path = "../src/assets/fonts/PalanquinDark-Regular.ttf"; sourceTree = "<group>"; fileEncoding = undefined; lastKnownFileType = unknown; explicitFileType = undefined; includeInIndex = 0; };
		DAA6EB90D02C42359226DF2E /* PalanquinDark-SemiBold.ttf */ = {isa = PBXFileReference; name = "PalanquinDark-SemiBold.ttf"; path = "../src/assets/fonts/PalanquinDark-SemiBold.ttf"; sourceTree = "<group>"; fileEncoding = undefined; lastKnownFileType = unknown; explicitFileType = undefined; includeInIndex = 0; };
		E261522584C04E7A9486E3AB /* ProtestGuerrilla-Regular.ttf */ = {isa = PBXFileReference; name = "ProtestGuerrilla-Regular.ttf"; path = "../src/assets/fonts/ProtestGuerrilla-Regular.ttf"; sourceTree = "<group>"; fileEncoding = undefined; lastKnownFileType = unknown; explicitFileType = undefined; includeInIndex = 0; };
		F95149E9D55E4EE984E9E65D /* ProtestRiot-Regular.ttf */ = {isa = PBXFileReference; name = "ProtestRiot-Regular.ttf"; path = "../src/assets/fonts/ProtestRiot-Regular.ttf"; sourceTree = "<group>"; fileEncoding = undefined; lastKnownFileType = unknown; explicitFileType = undefined; includeInIndex = 0; };
		2A4F2ED4EAD84633A59B8F9D /* ProtestStrike-Regular.ttf */ = {isa = PBXFileReference; name = "ProtestStrike-Regular.ttf"; path = "../src/assets/fonts/ProtestStrike-Regular.ttf"; sourceTree = "<group>"; fileEncoding = undefined; lastKnownFileType = unknown; explicitFileType = undefined; includeInIndex = 0; };
		CA03E4BD36CC4BB08004D4B7 /* Fonarto XT.ttf */ = {isa = PBXFileReference; name = "Fonarto XT.ttf"; path = "../src/assets/fonts/Fonarto XT.ttf"; sourceTree = "<group>"; fileEncoding = undefined; lastKnownFileType = unknown; explicitFileType = undefined; includeInIndex = 0; };
		2E14F9AB48D84285A260D3FB /* Fonarto.ttf */ = {isa = PBXFileReference; name = "Fonarto.ttf"; path = "../src/assets/fonts/Fonarto.ttf"; sourceTree = "<group>"; fileEncoding = undefined; lastKnownFileType = unknown; explicitFileType = undefined; includeInIndex = 0; };
		B39C1CDD1E844AA4836C897B /* Fredoka dingbats.otf */ = {isa = PBXFileReference; name = "Fredoka dingbats.otf"; path = "../src/assets/fonts/Fredoka dingbats.otf"; sourceTree = "<group>"; fileEncoding = undefined; lastKnownFileType = unknown; explicitFileType = undefined; includeInIndex = 0; };
		AC66849673174435AA047A11 /* FredokaOne-Regular.otf */ = {isa = PBXFileReference; name = "FredokaOne-Regular.otf"; path = "../src/assets/fonts/FredokaOne-Regular.otf"; sourceTree = "<group>"; fileEncoding = undefined; lastKnownFileType = unknown; explicitFileType = undefined; includeInIndex = 0; };
		DF299FEEB3FE4A4CBCFC9C73 /* Fredoka dingbats.ttf */ = {isa = PBXFileReference; name = "Fredoka dingbats.ttf"; path = "../src/assets/fonts/Fredoka dingbats.ttf"; sourceTree = "<group>"; fileEncoding = undefined; lastKnownFileType = unknown; explicitFileType = undefined; includeInIndex = 0; };
		36B593E9F13B4DE680FBD1CB /* FredokaOne-Regular.ttf */ = {isa = PBXFileReference; name = "FredokaOne-Regular.ttf"; path = "../src/assets/fonts/FredokaOne-Regular.ttf"; sourceTree = "<group>"; fileEncoding = undefined; lastKnownFileType = unknown; explicitFileType = undefined; includeInIndex = 0; };
/* End PBXFileReference section */

/* Begin PBXFrameworksBuildPhase section */
		00E356EB1AD99517003FC87E /* Frameworks */ = {
			isa = PBXFrameworksBuildPhase;
			buildActionMask = 2147483647;
			files = (
				7699B88040F8A987B510C191 /* libPods-GuessTheFlag-GuessTheFlagTests.a in Frameworks */,
			);
			runOnlyForDeploymentPostprocessing = 0;
		};
		13B07F8C1A680F5B00A75B9A /* Frameworks */ = {
			isa = PBXFrameworksBuildPhase;
			buildActionMask = 2147483647;
			files = (
				0C80B921A6F3F58F76C31292 /* libPods-GuessTheFlag.a in Frameworks */,
			);
			runOnlyForDeploymentPostprocessing = 0;
		};
/* End PBXFrameworksBuildPhase section */

/* Begin PBXGroup section */
		00E356EF1AD99517003FC87E /* GuessTheFlagTests */ = {
			isa = PBXGroup;
			children = (
				00E356F21AD99517003FC87E /* GuessTheFlagTests.m */,
				00E356F01AD99517003FC87E /* Supporting Files */,
			);
			path = GuessTheFlagTests;
			sourceTree = "<group>";
		};
		00E356F01AD99517003FC87E /* Supporting Files */ = {
			isa = PBXGroup;
			children = (
				00E356F11AD99517003FC87E /* Info.plist */,
			);
			name = "Supporting Files";
			sourceTree = "<group>";
		};
		13B07FAE1A68108700A75B9A /* GuessTheFlag */ = {
			isa = PBXGroup;
			children = (
				13B07FAF1A68108700A75B9A /* AppDelegate.h */,
				13B07FB01A68108700A75B9A /* AppDelegate.mm */,
				13B07FB51A68108700A75B9A /* Images.xcassets */,
				13B07FB61A68108700A75B9A /* Info.plist */,
				81AB9BB72411601600AC10FF /* LaunchScreen.storyboard */,
				13B07FB71A68108700A75B9A /* main.m */,
			);
			name = GuessTheFlag;
			sourceTree = "<group>";
		};
		2D16E6871FA4F8E400B85C8A /* Frameworks */ = {
			isa = PBXGroup;
			children = (
				ED297162215061F000B7C4FE /* JavaScriptCore.framework */,
				5DCACB8F33CDC322A6C60F78 /* libPods-GuessTheFlag.a */,
				19F6CBCC0A4E27FBF8BF4A61 /* libPods-GuessTheFlag-GuessTheFlagTests.a */,
			);
			name = Frameworks;
			sourceTree = "<group>";
		};
		832341AE1AAA6A7D00B99B32 /* Libraries */ = {
			isa = PBXGroup;
			children = (
			);
			name = Libraries;
			sourceTree = "<group>";
		};
		83CBB9F61A601CBA00E9B192 = {
			isa = PBXGroup;
			children = (
				13B07FAE1A68108700A75B9A /* GuessTheFlag */,
				832341AE1AAA6A7D00B99B32 /* Libraries */,
				00E356EF1AD99517003FC87E /* GuessTheFlagTests */,
				83CBBA001A601CBA00E9B192 /* Products */,
				2D16E6871FA4F8E400B85C8A /* Frameworks */,
				BBD78D7AC51CEA395F1C20DB /* Pods */,
				48F20D8E6433461F93EBD5DC /* Resources */,
			);
			indentWidth = 2;
			sourceTree = "<group>";
			tabWidth = 2;
			usesTabs = 0;
		};
		83CBBA001A601CBA00E9B192 /* Products */ = {
			isa = PBXGroup;
			children = (
				13B07F961A680F5B00A75B9A /* GuessTheFlag.app */,
				00E356EE1AD99517003FC87E /* GuessTheFlagTests.xctest */,
			);
			name = Products;
			sourceTree = "<group>";
		};
		BBD78D7AC51CEA395F1C20DB /* Pods */ = {
			isa = PBXGroup;
			children = (
				3B4392A12AC88292D35C810B /* Pods-GuessTheFlag.debug.xcconfig */,
				5709B34CF0A7D63546082F79 /* Pods-GuessTheFlag.release.xcconfig */,
				5B7EB9410499542E8C5724F5 /* Pods-GuessTheFlag-GuessTheFlagTests.debug.xcconfig */,
				89C6BE57DB24E9ADA2F236DE /* Pods-GuessTheFlag-GuessTheFlagTests.release.xcconfig */,
			);
			path = Pods;
			sourceTree = "<group>";
		};
		48F20D8E6433461F93EBD5DC /* Resources */ = {
			isa = "PBXGroup";
			children = (
				1D1B31811AF04C9A8892273D /* Comme-VariableFont_wght.ttf */,
				226710D0CA484AAAA0980231 /* ConcertOne-Regular.ttf */,
				2B040C3D6B604F099921F25C /* Pacifico-Regular.ttf */,
				DA8369B14BA54D4B92562B16 /* Palanquin-Bold.ttf */,
				457D7981882242E4B3C7BDD6 /* Palanquin-ExtraLight.ttf */,
				5E297CF9B4C14F61A2C8F5A1 /* Palanquin-Light.ttf */,
				8E16CA86CC08474A86C15EA2 /* Palanquin-Medium.ttf */,
				6AC1BF410EB945C387138C4A /* Palanquin-Regular.ttf */,
				45A050BBBE0C428CBE8CBB99 /* Palanquin-SemiBold.ttf */,
				12A99783F3E64F5694358DD1 /* Palanquin-Thin.ttf */,
				735923D930F24D97BB709CE0 /* PalanquinDark-Bold.ttf */,
				5E676E6CED2149E8A4B678A2 /* PalanquinDark-Medium.ttf */,
				3744831A7FDD4609BBDF9D11 /* PalanquinDark-Regular.ttf */,
				DAA6EB90D02C42359226DF2E /* PalanquinDark-SemiBold.ttf */,
				E261522584C04E7A9486E3AB /* ProtestGuerrilla-Regular.ttf */,
				F95149E9D55E4EE984E9E65D /* ProtestRiot-Regular.ttf */,
				2A4F2ED4EAD84633A59B8F9D /* ProtestStrike-Regular.ttf */,
				CA03E4BD36CC4BB08004D4B7 /* Fonarto XT.ttf */,
				2E14F9AB48D84285A260D3FB /* Fonarto.ttf */,
				B39C1CDD1E844AA4836C897B /* Fredoka dingbats.otf */,
				AC66849673174435AA047A11 /* FredokaOne-Regular.otf */,
				DF299FEEB3FE4A4CBCFC9C73 /* Fredoka dingbats.ttf */,
				36B593E9F13B4DE680FBD1CB /* FredokaOne-Regular.ttf */,
			);
			name = Resources;
			sourceTree = "<group>";
			path = "";
		};
/* End PBXGroup section */

/* Begin PBXNativeTarget section */
		00E356ED1AD99517003FC87E /* GuessTheFlagTests */ = {
			isa = PBXNativeTarget;
			buildConfigurationList = 00E357021AD99517003FC87E /* Build configuration list for PBXNativeTarget "GuessTheFlagTests" */;
			buildPhases = (
				A55EABD7B0C7F3A422A6CC61 /* [CP] Check Pods Manifest.lock */,
				00E356EA1AD99517003FC87E /* Sources */,
				00E356EB1AD99517003FC87E /* Frameworks */,
				00E356EC1AD99517003FC87E /* Resources */,
				C59DA0FBD6956966B86A3779 /* [CP] Embed Pods Frameworks */,
				F6A41C54EA430FDDC6A6ED99 /* [CP] Copy Pods Resources */,
			);
			buildRules = (
			);
			dependencies = (
				00E356F51AD99517003FC87E /* PBXTargetDependency */,
			);
			name = GuessTheFlagTests;
			productName = GuessTheFlagTests;
			productReference = 00E356EE1AD99517003FC87E /* GuessTheFlagTests.xctest */;
			productType = "com.apple.product-type.bundle.unit-test";
		};
		13B07F861A680F5B00A75B9A /* GuessTheFlag */ = {
			isa = PBXNativeTarget;
			buildConfigurationList = 13B07F931A680F5B00A75B9A /* Build configuration list for PBXNativeTarget "GuessTheFlag" */;
			buildPhases = (
				C38B50BA6285516D6DCD4F65 /* [CP] Check Pods Manifest.lock */,
				13B07F871A680F5B00A75B9A /* Sources */,
				13B07F8C1A680F5B00A75B9A /* Frameworks */,
				13B07F8E1A680F5B00A75B9A /* Resources */,
				00DD1BFF1BD5951E006B06BC /* Bundle React Native code and images */,
				00EEFC60759A1932668264C0 /* [CP] Embed Pods Frameworks */,
				E235C05ADACE081382539298 /* [CP] Copy Pods Resources */,
			);
			buildRules = (
			);
			dependencies = (
			);
			name = GuessTheFlag;
			productName = GuessTheFlag;
			productReference = 13B07F961A680F5B00A75B9A /* GuessTheFlag.app */;
			productType = "com.apple.product-type.application";
		};
/* End PBXNativeTarget section */

/* Begin PBXProject section */
		83CBB9F71A601CBA00E9B192 /* Project object */ = {
			isa = PBXProject;
			attributes = {
				LastUpgradeCheck = 1210;
				TargetAttributes = {
					00E356ED1AD99517003FC87E = {
						CreatedOnToolsVersion = 6.2;
						TestTargetID = 13B07F861A680F5B00A75B9A;
					};
					13B07F861A680F5B00A75B9A = {
						LastSwiftMigration = 1120;
					};
				};
			};
			buildConfigurationList = 83CBB9FA1A601CBA00E9B192 /* Build configuration list for PBXProject "GuessTheFlag" */;
			compatibilityVersion = "Xcode 12.0";
			developmentRegion = en;
			hasScannedForEncodings = 0;
			knownRegions = (
				en,
				Base,
			);
			mainGroup = 83CBB9F61A601CBA00E9B192;
			productRefGroup = 83CBBA001A601CBA00E9B192 /* Products */;
			projectDirPath = "";
			projectRoot = "";
			targets = (
				13B07F861A680F5B00A75B9A /* GuessTheFlag */,
				00E356ED1AD99517003FC87E /* GuessTheFlagTests */,
			);
		};
/* End PBXProject section */

/* Begin PBXResourcesBuildPhase section */
		00E356EC1AD99517003FC87E /* Resources */ = {
			isa = PBXResourcesBuildPhase;
			buildActionMask = 2147483647;
			files = (
			);
			runOnlyForDeploymentPostprocessing = 0;
		};
		13B07F8E1A680F5B00A75B9A /* Resources */ = {
			isa = PBXResourcesBuildPhase;
			buildActionMask = 2147483647;
			files = (
				81AB9BB82411601600AC10FF /* LaunchScreen.storyboard in Resources */,
				13B07FBF1A68108700A75B9A /* Images.xcassets in Resources */,
				87A8AD7FC9D64E22B47B0C00 /* Comme-VariableFont_wght.ttf in Resources */,
				FA95F46E46004C05B293F645 /* ConcertOne-Regular.ttf in Resources */,
				881F68F94B574DDA827F8A33 /* Pacifico-Regular.ttf in Resources */,
				D3DF7245F6CD4E7FA0F6C6C5 /* Palanquin-Bold.ttf in Resources */,
				AB32C5B563A1484FAECBAC8F /* Palanquin-ExtraLight.ttf in Resources */,
				3D548ABD260E40D7BC5B6DA2 /* Palanquin-Light.ttf in Resources */,
				9ED08B4847734E9CAE05B019 /* Palanquin-Medium.ttf in Resources */,
				FC257D57EABF4892848FAD38 /* Palanquin-Regular.ttf in Resources */,
				2907F6E90D7245778D4ED0DD /* Palanquin-SemiBold.ttf in Resources */,
				1BF9F67BB00942AEA3747E37 /* Palanquin-Thin.ttf in Resources */,
				0F568F1773EB4A7D9C620644 /* PalanquinDark-Bold.ttf in Resources */,
				3AF01B2D5B094341BEFF94A3 /* PalanquinDark-Medium.ttf in Resources */,
				AEB9B287FDEF4A30A062C01A /* PalanquinDark-Regular.ttf in Resources */,
				FE554D31E89142E7A9FE039E /* PalanquinDark-SemiBold.ttf in Resources */,
				738DD99B4F8141D5BAE79603 /* ProtestGuerrilla-Regular.ttf in Resources */,
				7692AA7015DB4D1A9E77BC38 /* ProtestRiot-Regular.ttf in Resources */,
				C5D14E702E4B4347B14210DC /* ProtestStrike-Regular.ttf in Resources */,
				B4FB782500B8428B8DC5ED2B /* Fonarto XT.ttf in Resources */,
				11363D894D54423480C0AE73 /* Fonarto.ttf in Resources */,
				D3B2BE8F19B54F85BFC001F3 /* Fredoka dingbats.otf in Resources */,
				B2398125CD80457A922ACB55 /* FredokaOne-Regular.otf in Resources */,
				CF27AE208BA440308D07EBB0 /* Fredoka dingbats.ttf in Resources */,
				99946F7A2D3B4E8FB0141BEA /* FredokaOne-Regular.ttf in Resources */,
			);
			runOnlyForDeploymentPostprocessing = 0;
		};
/* End PBXResourcesBuildPhase section */

/* Begin PBXShellScriptBuildPhase section */
		00DD1BFF1BD5951E006B06BC /* Bundle React Native code and images */ = {
			isa = PBXShellScriptBuildPhase;
			buildActionMask = 2147483647;
			files = (
			);
			inputPaths = (
				"$(SRCROOT)/.xcode.env.local",
				"$(SRCROOT)/.xcode.env",
			);
			name = "Bundle React Native code and images";
			outputPaths = (
			);
			runOnlyForDeploymentPostprocessing = 0;
			shellPath = /bin/sh;
			shellScript = "set -e\n\nWITH_ENVIRONMENT=\"../node_modules/react-native/scripts/xcode/with-environment.sh\"\nREACT_NATIVE_XCODE=\"../node_modules/react-native/scripts/react-native-xcode.sh\"\n\n/bin/sh -c \"$WITH_ENVIRONMENT $REACT_NATIVE_XCODE\"\n";
		};
		00EEFC60759A1932668264C0 /* [CP] Embed Pods Frameworks */ = {
			isa = PBXShellScriptBuildPhase;
			buildActionMask = 2147483647;
			files = (
			);
			inputFileListPaths = (
				"${PODS_ROOT}/Target Support Files/Pods-GuessTheFlag/Pods-GuessTheFlag-frameworks-${CONFIGURATION}-input-files.xcfilelist",
			);
			name = "[CP] Embed Pods Frameworks";
			outputFileListPaths = (
				"${PODS_ROOT}/Target Support Files/Pods-GuessTheFlag/Pods-GuessTheFlag-frameworks-${CONFIGURATION}-output-files.xcfilelist",
			);
			runOnlyForDeploymentPostprocessing = 0;
			shellPath = /bin/sh;
			shellScript = "\"${PODS_ROOT}/Target Support Files/Pods-GuessTheFlag/Pods-GuessTheFlag-frameworks.sh\"\n";
			showEnvVarsInLog = 0;
		};
		A55EABD7B0C7F3A422A6CC61 /* [CP] Check Pods Manifest.lock */ = {
			isa = PBXShellScriptBuildPhase;
			buildActionMask = 2147483647;
			files = (
			);
			inputFileListPaths = (
			);
			inputPaths = (
				"${PODS_PODFILE_DIR_PATH}/Podfile.lock",
				"${PODS_ROOT}/Manifest.lock",
			);
			name = "[CP] Check Pods Manifest.lock";
			outputFileListPaths = (
			);
			outputPaths = (
				"$(DERIVED_FILE_DIR)/Pods-GuessTheFlag-GuessTheFlagTests-checkManifestLockResult.txt",
			);
			runOnlyForDeploymentPostprocessing = 0;
			shellPath = /bin/sh;
			shellScript = "diff \"${PODS_PODFILE_DIR_PATH}/Podfile.lock\" \"${PODS_ROOT}/Manifest.lock\" > /dev/null\nif [ $? != 0 ] ; then\n    # print error to STDERR\n    echo \"error: The sandbox is not in sync with the Podfile.lock. Run 'pod install' or update your CocoaPods installation.\" >&2\n    exit 1\nfi\n# This output is used by Xcode 'outputs' to avoid re-running this script phase.\necho \"SUCCESS\" > \"${SCRIPT_OUTPUT_FILE_0}\"\n";
			showEnvVarsInLog = 0;
		};
		C38B50BA6285516D6DCD4F65 /* [CP] Check Pods Manifest.lock */ = {
			isa = PBXShellScriptBuildPhase;
			buildActionMask = 2147483647;
			files = (
			);
			inputFileListPaths = (
			);
			inputPaths = (
				"${PODS_PODFILE_DIR_PATH}/Podfile.lock",
				"${PODS_ROOT}/Manifest.lock",
			);
			name = "[CP] Check Pods Manifest.lock";
			outputFileListPaths = (
			);
			outputPaths = (
				"$(DERIVED_FILE_DIR)/Pods-GuessTheFlag-checkManifestLockResult.txt",
			);
			runOnlyForDeploymentPostprocessing = 0;
			shellPath = /bin/sh;
			shellScript = "diff \"${PODS_PODFILE_DIR_PATH}/Podfile.lock\" \"${PODS_ROOT}/Manifest.lock\" > /dev/null\nif [ $? != 0 ] ; then\n    # print error to STDERR\n    echo \"error: The sandbox is not in sync with the Podfile.lock. Run 'pod install' or update your CocoaPods installation.\" >&2\n    exit 1\nfi\n# This output is used by Xcode 'outputs' to avoid re-running this script phase.\necho \"SUCCESS\" > \"${SCRIPT_OUTPUT_FILE_0}\"\n";
			showEnvVarsInLog = 0;
		};
		C59DA0FBD6956966B86A3779 /* [CP] Embed Pods Frameworks */ = {
			isa = PBXShellScriptBuildPhase;
			buildActionMask = 2147483647;
			files = (
			);
			inputFileListPaths = (
				"${PODS_ROOT}/Target Support Files/Pods-GuessTheFlag-GuessTheFlagTests/Pods-GuessTheFlag-GuessTheFlagTests-frameworks-${CONFIGURATION}-input-files.xcfilelist",
			);
			name = "[CP] Embed Pods Frameworks";
			outputFileListPaths = (
				"${PODS_ROOT}/Target Support Files/Pods-GuessTheFlag-GuessTheFlagTests/Pods-GuessTheFlag-GuessTheFlagTests-frameworks-${CONFIGURATION}-output-files.xcfilelist",
			);
			runOnlyForDeploymentPostprocessing = 0;
			shellPath = /bin/sh;
			shellScript = "\"${PODS_ROOT}/Target Support Files/Pods-GuessTheFlag-GuessTheFlagTests/Pods-GuessTheFlag-GuessTheFlagTests-frameworks.sh\"\n";
			showEnvVarsInLog = 0;
		};
		E235C05ADACE081382539298 /* [CP] Copy Pods Resources */ = {
			isa = PBXShellScriptBuildPhase;
			buildActionMask = 2147483647;
			files = (
			);
			inputFileListPaths = (
				"${PODS_ROOT}/Target Support Files/Pods-GuessTheFlag/Pods-GuessTheFlag-resources-${CONFIGURATION}-input-files.xcfilelist",
			);
			name = "[CP] Copy Pods Resources";
			outputFileListPaths = (
				"${PODS_ROOT}/Target Support Files/Pods-GuessTheFlag/Pods-GuessTheFlag-resources-${CONFIGURATION}-output-files.xcfilelist",
			);
			runOnlyForDeploymentPostprocessing = 0;
			shellPath = /bin/sh;
			shellScript = "\"${PODS_ROOT}/Target Support Files/Pods-GuessTheFlag/Pods-GuessTheFlag-resources.sh\"\n";
			showEnvVarsInLog = 0;
		};
		F6A41C54EA430FDDC6A6ED99 /* [CP] Copy Pods Resources */ = {
			isa = PBXShellScriptBuildPhase;
			buildActionMask = 2147483647;
			files = (
			);
			inputFileListPaths = (
				"${PODS_ROOT}/Target Support Files/Pods-GuessTheFlag-GuessTheFlagTests/Pods-GuessTheFlag-GuessTheFlagTests-resources-${CONFIGURATION}-input-files.xcfilelist",
			);
			name = "[CP] Copy Pods Resources";
			outputFileListPaths = (
				"${PODS_ROOT}/Target Support Files/Pods-GuessTheFlag-GuessTheFlagTests/Pods-GuessTheFlag-GuessTheFlagTests-resources-${CONFIGURATION}-output-files.xcfilelist",
			);
			runOnlyForDeploymentPostprocessing = 0;
			shellPath = /bin/sh;
			shellScript = "\"${PODS_ROOT}/Target Support Files/Pods-GuessTheFlag-GuessTheFlagTests/Pods-GuessTheFlag-GuessTheFlagTests-resources.sh\"\n";
			showEnvVarsInLog = 0;
		};
/* End PBXShellScriptBuildPhase section */

/* Begin PBXSourcesBuildPhase section */
		00E356EA1AD99517003FC87E /* Sources */ = {
			isa = PBXSourcesBuildPhase;
			buildActionMask = 2147483647;
			files = (
				00E356F31AD99517003FC87E /* GuessTheFlagTests.m in Sources */,
			);
			runOnlyForDeploymentPostprocessing = 0;
		};
		13B07F871A680F5B00A75B9A /* Sources */ = {
			isa = PBXSourcesBuildPhase;
			buildActionMask = 2147483647;
			files = (
				13B07FBC1A68108700A75B9A /* AppDelegate.mm in Sources */,
				13B07FC11A68108700A75B9A /* main.m in Sources */,
			);
			runOnlyForDeploymentPostprocessing = 0;
		};
/* End PBXSourcesBuildPhase section */

/* Begin PBXTargetDependency section */
		00E356F51AD99517003FC87E /* PBXTargetDependency */ = {
			isa = PBXTargetDependency;
			target = 13B07F861A680F5B00A75B9A /* GuessTheFlag */;
			targetProxy = 00E356F41AD99517003FC87E /* PBXContainerItemProxy */;
		};
/* End PBXTargetDependency section */

/* Begin XCBuildConfiguration section */
		00E356F61AD99517003FC87E /* Debug */ = {
			isa = XCBuildConfiguration;
			baseConfigurationReference = 5B7EB9410499542E8C5724F5 /* Pods-GuessTheFlag-GuessTheFlagTests.debug.xcconfig */;
			buildSettings = {
				BUNDLE_LOADER = "$(TEST_HOST)";
				GCC_PREPROCESSOR_DEFINITIONS = (
					"DEBUG=1",
					"$(inherited)",
				);
				INFOPLIST_FILE = GuessTheFlagTests/Info.plist;
				IPHONEOS_DEPLOYMENT_TARGET = 13.4;
				LD_RUNPATH_SEARCH_PATHS = (
					"$(inherited)",
					"@executable_path/Frameworks",
					"@loader_path/Frameworks",
				);
				OTHER_LDFLAGS = (
					"-ObjC",
					"-lc++",
					"$(inherited)",
				);
				PRODUCT_BUNDLE_IDENTIFIER = "org.reactjs.native.example.$(PRODUCT_NAME:rfc1034identifier)";
				PRODUCT_NAME = "$(TARGET_NAME)";
				TEST_HOST = "$(BUILT_PRODUCTS_DIR)/GuessTheFlag.app/GuessTheFlag";
			};
			name = Debug;
		};
		00E356F71AD99517003FC87E /* Release */ = {
			isa = XCBuildConfiguration;
			baseConfigurationReference = 89C6BE57DB24E9ADA2F236DE /* Pods-GuessTheFlag-GuessTheFlagTests.release.xcconfig */;
			buildSettings = {
				BUNDLE_LOADER = "$(TEST_HOST)";
				COPY_PHASE_STRIP = NO;
				INFOPLIST_FILE = GuessTheFlagTests/Info.plist;
				IPHONEOS_DEPLOYMENT_TARGET = 13.4;
				LD_RUNPATH_SEARCH_PATHS = (
					"$(inherited)",
					"@executable_path/Frameworks",
					"@loader_path/Frameworks",
				);
				OTHER_LDFLAGS = (
					"-ObjC",
					"-lc++",
					"$(inherited)",
				);
				PRODUCT_BUNDLE_IDENTIFIER = "org.reactjs.native.example.$(PRODUCT_NAME:rfc1034identifier)";
				PRODUCT_NAME = "$(TARGET_NAME)";
				TEST_HOST = "$(BUILT_PRODUCTS_DIR)/GuessTheFlag.app/GuessTheFlag";
			};
			name = Release;
		};
		13B07F941A680F5B00A75B9A /* Debug */ = {
			isa = XCBuildConfiguration;
			baseConfigurationReference = 3B4392A12AC88292D35C810B /* Pods-GuessTheFlag.debug.xcconfig */;
			buildSettings = {
				ASSETCATALOG_COMPILER_APPICON_NAME = AppIcon;
				CLANG_ENABLE_MODULES = YES;
				CURRENT_PROJECT_VERSION = 1;
				ENABLE_BITCODE = NO;
				INFOPLIST_FILE = GuessTheFlag/Info.plist;
				LD_RUNPATH_SEARCH_PATHS = (
					"$(inherited)",
					"@executable_path/Frameworks",
				);
				MARKETING_VERSION = 1.0;
				OTHER_LDFLAGS = (
					"$(inherited)",
					"-ObjC",
					"-lc++",
				);
				PRODUCT_BUNDLE_IDENTIFIER = "org.reactjs.native.example.$(PRODUCT_NAME:rfc1034identifier)";
				PRODUCT_NAME = GuessTheFlag;
				SWIFT_OPTIMIZATION_LEVEL = "-Onone";
				SWIFT_VERSION = 5.0;
				VERSIONING_SYSTEM = "apple-generic";
			};
			name = Debug;
		};
		13B07F951A680F5B00A75B9A /* Release */ = {
			isa = XCBuildConfiguration;
			baseConfigurationReference = 5709B34CF0A7D63546082F79 /* Pods-GuessTheFlag.release.xcconfig */;
			buildSettings = {
				ASSETCATALOG_COMPILER_APPICON_NAME = AppIcon;
				CLANG_ENABLE_MODULES = YES;
				CURRENT_PROJECT_VERSION = 1;
				INFOPLIST_FILE = GuessTheFlag/Info.plist;
				LD_RUNPATH_SEARCH_PATHS = (
					"$(inherited)",
					"@executable_path/Frameworks",
				);
				MARKETING_VERSION = 1.0;
				OTHER_LDFLAGS = (
					"$(inherited)",
					"-ObjC",
					"-lc++",
				);
				PRODUCT_BUNDLE_IDENTIFIER = "org.reactjs.native.example.$(PRODUCT_NAME:rfc1034identifier)";
				PRODUCT_NAME = GuessTheFlag;
				SWIFT_VERSION = 5.0;
				VERSIONING_SYSTEM = "apple-generic";
			};
			name = Release;
		};
		83CBBA201A601CBA00E9B192 /* Debug */ = {
			isa = XCBuildConfiguration;
			buildSettings = {
				ALWAYS_SEARCH_USER_PATHS = NO;
				CLANG_ANALYZER_LOCALIZABILITY_NONLOCALIZED = YES;
				CLANG_CXX_LANGUAGE_STANDARD = "c++20";
				CLANG_CXX_LIBRARY = "libc++";
				CLANG_ENABLE_MODULES = YES;
				CLANG_ENABLE_OBJC_ARC = YES;
				CLANG_WARN_BLOCK_CAPTURE_AUTORELEASING = YES;
				CLANG_WARN_BOOL_CONVERSION = YES;
				CLANG_WARN_COMMA = YES;
				CLANG_WARN_CONSTANT_CONVERSION = YES;
				CLANG_WARN_DEPRECATED_OBJC_IMPLEMENTATIONS = YES;
				CLANG_WARN_DIRECT_OBJC_ISA_USAGE = YES_ERROR;
				CLANG_WARN_EMPTY_BODY = YES;
				CLANG_WARN_ENUM_CONVERSION = YES;
				CLANG_WARN_INFINITE_RECURSION = YES;
				CLANG_WARN_INT_CONVERSION = YES;
				CLANG_WARN_NON_LITERAL_NULL_CONVERSION = YES;
				CLANG_WARN_OBJC_IMPLICIT_RETAIN_SELF = YES;
				CLANG_WARN_OBJC_LITERAL_CONVERSION = YES;
				CLANG_WARN_OBJC_ROOT_CLASS = YES_ERROR;
				CLANG_WARN_QUOTED_INCLUDE_IN_FRAMEWORK_HEADER = YES;
				CLANG_WARN_RANGE_LOOP_ANALYSIS = YES;
				CLANG_WARN_STRICT_PROTOTYPES = YES;
				CLANG_WARN_SUSPICIOUS_MOVE = YES;
				CLANG_WARN_UNREACHABLE_CODE = YES;
				CLANG_WARN__DUPLICATE_METHOD_MATCH = YES;
				"CODE_SIGN_IDENTITY[sdk=iphoneos*]" = "iPhone Developer";
				COPY_PHASE_STRIP = NO;
				ENABLE_STRICT_OBJC_MSGSEND = YES;
				ENABLE_TESTABILITY = YES;
				"EXCLUDED_ARCHS[sdk=iphonesimulator*]" = "";
				GCC_C_LANGUAGE_STANDARD = gnu99;
				GCC_DYNAMIC_NO_PIC = NO;
				GCC_NO_COMMON_BLOCKS = YES;
				GCC_OPTIMIZATION_LEVEL = 0;
				GCC_PREPROCESSOR_DEFINITIONS = (
					"DEBUG=1",
					"$(inherited)",
				);
				GCC_SYMBOLS_PRIVATE_EXTERN = NO;
				GCC_WARN_64_TO_32_BIT_CONVERSION = YES;
				GCC_WARN_ABOUT_RETURN_TYPE = YES_ERROR;
				GCC_WARN_UNDECLARED_SELECTOR = YES;
				GCC_WARN_UNINITIALIZED_AUTOS = YES_AGGRESSIVE;
				GCC_WARN_UNUSED_FUNCTION = YES;
				GCC_WARN_UNUSED_VARIABLE = YES;
				IPHONEOS_DEPLOYMENT_TARGET = 13.4;
				LD_RUNPATH_SEARCH_PATHS = (
					/usr/lib/swift,
					"$(inherited)",
				);
				LIBRARY_SEARCH_PATHS = (
					"\"$(SDKROOT)/usr/lib/swift\"",
					"\"$(TOOLCHAIN_DIR)/usr/lib/swift/$(PLATFORM_NAME)\"",
					"\"$(inherited)\"",
				);
				MTL_ENABLE_DEBUG_INFO = YES;
				ONLY_ACTIVE_ARCH = YES;
				OTHER_CPLUSPLUSFLAGS = (
					"$(OTHER_CFLAGS)",
					"-DFOLLY_NO_CONFIG",
					"-DFOLLY_MOBILE=1",
					"-DFOLLY_USE_LIBCPP=1",
					"-DFOLLY_CFG_NO_COROUTINES=1",
				);
				SDKROOT = iphoneos;
			};
			name = Debug;
		};
		83CBBA211A601CBA00E9B192 /* Release */ = {
			isa = XCBuildConfiguration;
			buildSettings = {
				ALWAYS_SEARCH_USER_PATHS = NO;
				CLANG_ANALYZER_LOCALIZABILITY_NONLOCALIZED = YES;
				CLANG_CXX_LANGUAGE_STANDARD = "c++20";
				CLANG_CXX_LIBRARY = "libc++";
				CLANG_ENABLE_MODULES = YES;
				CLANG_ENABLE_OBJC_ARC = YES;
				CLANG_WARN_BLOCK_CAPTURE_AUTORELEASING = YES;
				CLANG_WARN_BOOL_CONVERSION = YES;
				CLANG_WARN_COMMA = YES;
				CLANG_WARN_CONSTANT_CONVERSION = YES;
				CLANG_WARN_DEPRECATED_OBJC_IMPLEMENTATIONS = YES;
				CLANG_WARN_DIRECT_OBJC_ISA_USAGE = YES_ERROR;
				CLANG_WARN_EMPTY_BODY = YES;
				CLANG_WARN_ENUM_CONVERSION = YES;
				CLANG_WARN_INFINITE_RECURSION = YES;
				CLANG_WARN_INT_CONVERSION = YES;
				CLANG_WARN_NON_LITERAL_NULL_CONVERSION = YES;
				CLANG_WARN_OBJC_IMPLICIT_RETAIN_SELF = YES;
				CLANG_WARN_OBJC_LITERAL_CONVERSION = YES;
				CLANG_WARN_OBJC_ROOT_CLASS = YES_ERROR;
				CLANG_WARN_QUOTED_INCLUDE_IN_FRAMEWORK_HEADER = YES;
				CLANG_WARN_RANGE_LOOP_ANALYSIS = YES;
				CLANG_WARN_STRICT_PROTOTYPES = YES;
				CLANG_WARN_SUSPICIOUS_MOVE = YES;
				CLANG_WARN_UNREACHABLE_CODE = YES;
				CLANG_WARN__DUPLICATE_METHOD_MATCH = YES;
				"CODE_SIGN_IDENTITY[sdk=iphoneos*]" = "iPhone Developer";
				COPY_PHASE_STRIP = YES;
				ENABLE_NS_ASSERTIONS = NO;
				ENABLE_STRICT_OBJC_MSGSEND = YES;
				"EXCLUDED_ARCHS[sdk=iphonesimulator*]" = "";
				GCC_C_LANGUAGE_STANDARD = gnu99;
				GCC_NO_COMMON_BLOCKS = YES;
				GCC_WARN_64_TO_32_BIT_CONVERSION = YES;
				GCC_WARN_ABOUT_RETURN_TYPE = YES_ERROR;
				GCC_WARN_UNDECLARED_SELECTOR = YES;
				GCC_WARN_UNINITIALIZED_AUTOS = YES_AGGRESSIVE;
				GCC_WARN_UNUSED_FUNCTION = YES;
				GCC_WARN_UNUSED_VARIABLE = YES;
				IPHONEOS_DEPLOYMENT_TARGET = 13.4;
				LD_RUNPATH_SEARCH_PATHS = (
					/usr/lib/swift,
					"$(inherited)",
				);
				LIBRARY_SEARCH_PATHS = (
					"\"$(SDKROOT)/usr/lib/swift\"",
					"\"$(TOOLCHAIN_DIR)/usr/lib/swift/$(PLATFORM_NAME)\"",
					"\"$(inherited)\"",
				);
				MTL_ENABLE_DEBUG_INFO = NO;
				OTHER_CPLUSPLUSFLAGS = (
					"$(OTHER_CFLAGS)",
					"-DFOLLY_NO_CONFIG",
					"-DFOLLY_MOBILE=1",
					"-DFOLLY_USE_LIBCPP=1",
					"-DFOLLY_CFG_NO_COROUTINES=1",
				);
				SDKROOT = iphoneos;
				VALIDATE_PRODUCT = YES;
			};
			name = Release;
		};
/* End XCBuildConfiguration section */

/* Begin XCConfigurationList section */
		00E357021AD99517003FC87E /* Build configuration list for PBXNativeTarget "GuessTheFlagTests" */ = {
			isa = XCConfigurationList;
			buildConfigurations = (
				00E356F61AD99517003FC87E /* Debug */,
				00E356F71AD99517003FC87E /* Release */,
			);
			defaultConfigurationIsVisible = 0;
			defaultConfigurationName = Release;
		};
		13B07F931A680F5B00A75B9A /* Build configuration list for PBXNativeTarget "GuessTheFlag" */ = {
			isa = XCConfigurationList;
			buildConfigurations = (
				13B07F941A680F5B00A75B9A /* Debug */,
				13B07F951A680F5B00A75B9A /* Release */,
			);
			defaultConfigurationIsVisible = 0;
			defaultConfigurationName = Release;
		};
		83CBB9FA1A601CBA00E9B192 /* Build configuration list for PBXProject "GuessTheFlag" */ = {
			isa = XCConfigurationList;
			buildConfigurations = (
				83CBBA201A601CBA00E9B192 /* Debug */,
				83CBBA211A601CBA00E9B192 /* Release */,
			);
			defaultConfigurationIsVisible = 0;
			defaultConfigurationName = Release;
		};
/* End XCConfigurationList section */
	};
	rootObject = 83CBB9F71A601CBA00E9B192 /* Project object */;
}
